{
  "nodes": {
    "nixpkgs": {
      "locked": {
        "lastModified": 1681693905,
        "narHash": "sha256-XdXMvCt+i2ZcmAIPZvu3RUwcdaC9OX7d1WMAJJokzeA=",
        "owner": "NixOS",
        "repo": "nixpkgs",
        "rev": "db34d7561caa508ece0265a56f382c5d3b7a6c1b",
        "type": "github"
      },
      "original": {
        "owner": "NixOS",
        "ref": "nixpkgs-unstable",
        "repo": "nixpkgs",
        "type": "github"
      }
    },
    "root": {
      "inputs": {
        "nixpkgs": "nixpkgs"
      }
    }
  },
  "root": "root",
  "version": 7
}
